// !$*UTF8*$!
{
	archiveVersion = 1;
	classes = {
	};
	objectVersion = 46;
	objects = {

/* Begin PBXBuildFile section */
		CE5F2B2918C92B6E00F9065B /* Foundation.framework in Frameworks */ = {isa = PBXBuildFile; fileRef = CE5F2B2818C92B6E00F9065B /* Foundation.framework */; };
		CE5F2B2B18C92B6E00F9065B /* CoreGraphics.framework in Frameworks */ = {isa = PBXBuildFile; fileRef = CE5F2B2A18C92B6E00F9065B /* CoreGraphics.framework */; };
		CE5F2B2D18C92B6E00F9065B /* UIKit.framework in Frameworks */ = {isa = PBXBuildFile; fileRef = CE5F2B2C18C92B6E00F9065B /* UIKit.framework */; };
		CE5F2B3318C92B6E00F9065B /* InfoPlist.strings in Resources */ = {isa = PBXBuildFile; fileRef = CE5F2B3118C92B6E00F9065B /* InfoPlist.strings */; };
		CE5F2B3518C92B6E00F9065B /* main.m in Sources */ = {isa = PBXBuildFile; fileRef = CE5F2B3418C92B6E00F9065B /* main.m */; };
		CE5F2B3918C92B6E00F9065B /* FilesHandlingAppDelegate.m in Sources */ = {isa = PBXBuildFile; fileRef = CE5F2B3818C92B6E00F9065B /* FilesHandlingAppDelegate.m */; };
		CE5F2B3C18C92B6E00F9065B /* Main.storyboard in Resources */ = {isa = PBXBuildFile; fileRef = CE5F2B3A18C92B6E00F9065B /* Main.storyboard */; };
		CE5F2B3F18C92B6E00F9065B /* FilesHandlingViewController.m in Sources */ = {isa = PBXBuildFile; fileRef = CE5F2B3E18C92B6E00F9065B /* FilesHandlingViewController.m */; };
		CE5F2B4118C92B6E00F9065B /* Images.xcassets in Resources */ = {isa = PBXBuildFile; fileRef = CE5F2B4018C92B6E00F9065B /* Images.xcassets */; };
		CE5F2B4818C92B6E00F9065B /* XCTest.framework in Frameworks */ = {isa = PBXBuildFile; fileRef = CE5F2B4718C92B6E00F9065B /* XCTest.framework */; };
		CE5F2B4918C92B6E00F9065B /* Foundation.framework in Frameworks */ = {isa = PBXBuildFile; fileRef = CE5F2B2818C92B6E00F9065B /* Foundation.framework */; };
		CE5F2B4A18C92B6E00F9065B /* UIKit.framework in Frameworks */ = {isa = PBXBuildFile; fileRef = CE5F2B2C18C92B6E00F9065B /* UIKit.framework */; };
		CE5F2B5218C92B6E00F9065B /* InfoPlist.strings in Resources */ = {isa = PBXBuildFile; fileRef = CE5F2B5018C92B6E00F9065B /* InfoPlist.strings */; };
		CE5F2B5418C92B6E00F9065B /* FilesHandlingTests.m in Sources */ = {isa = PBXBuildFile; fileRef = CE5F2B5318C92B6E00F9065B /* FilesHandlingTests.m */; };
/* End PBXBuildFile section */

/* Begin PBXContainerItemProxy section */
		CE5F2B4B18C92B6E00F9065B /* PBXContainerItemProxy */ = {
			isa = PBXContainerItemProxy;
			containerPortal = CE5F2B1D18C92B6E00F9065B /* Project object */;
			proxyType = 1;
			remoteGlobalIDString = CE5F2B2418C92B6E00F9065B;
			remoteInfo = FilesHandling;
		};
/* End PBXContainerItemProxy section */

/* Begin PBXFileReference section */
		CE5F2B2518C92B6E00F9065B /* FilesHandling.app */ = {isa = PBXFileReference; explicitFileType = wrapper.application; includeInIndex = 0; path = FilesHandling.app; sourceTree = BUILT_PRODUCTS_DIR; };
		CE5F2B2818C92B6E00F9065B /* Foundation.framework */ = {isa = PBXFileReference; lastKnownFileType = wrapper.framework; name = Foundation.framework; path = System/Library/Frameworks/Foundation.framework; sourceTree = SDKROOT; };
		CE5F2B2A18C92B6E00F9065B /* CoreGraphics.framework */ = {isa = PBXFileReference; lastKnownFileType = wrapper.framework; name = CoreGraphics.framework; path = System/Library/Frameworks/CoreGraphics.framework; sourceTree = SDKROOT; };
		CE5F2B2C18C92B6E00F9065B /* UIKit.framework */ = {isa = PBXFileReference; lastKnownFileType = wrapper.framework; name = UIKit.framework; path = System/Library/Frameworks/UIKit.framework; sourceTree = SDKROOT; };
		CE5F2B3018C92B6E00F9065B /* FilesHandling-Info.plist */ = {isa = PBXFileReference; lastKnownFileType = text.plist.xml; path = "FilesHandling-Info.plist"; sourceTree = "<group>"; };
		CE5F2B3218C92B6E00F9065B /* en */ = {isa = PBXFileReference; lastKnownFileType = text.plist.strings; name = en; path = en.lproj/InfoPlist.strings; sourceTree = "<group>"; };
		CE5F2B3418C92B6E00F9065B /* main.m */ = {isa = PBXFileReference; lastKnownFileType = sourcecode.c.objc; path = main.m; sourceTree = "<group>"; };
		CE5F2B3618C92B6E00F9065B /* FilesHandling-Prefix.pch */ = {isa = PBXFileReference; lastKnownFileType = sourcecode.c.h; path = "FilesHandling-Prefix.pch"; sourceTree = "<group>"; };
		CE5F2B3718C92B6E00F9065B /* FilesHandlingAppDelegate.h */ = {isa = PBXFileReference; lastKnownFileType = sourcecode.c.h; path = FilesHandlingAppDelegate.h; sourceTree = "<group>"; };
		CE5F2B3818C92B6E00F9065B /* FilesHandlingAppDelegate.m */ = {isa = PBXFileReference; lastKnownFileType = sourcecode.c.objc; path = FilesHandlingAppDelegate.m; sourceTree = "<group>"; };
		CE5F2B3B18C92B6E00F9065B /* Base */ = {isa = PBXFileReference; lastKnownFileType = file.storyboard; name = Base; path = Base.lproj/Main.storyboard; sourceTree = "<group>"; };
		CE5F2B3D18C92B6E00F9065B /* FilesHandlingViewController.h */ = {isa = PBXFileReference; lastKnownFileType = sourcecode.c.h; path = FilesHandlingViewController.h; sourceTree = "<group>"; };
		CE5F2B3E18C92B6E00F9065B /* FilesHandlingViewController.m */ = {isa = PBXFileReference; lastKnownFileType = sourcecode.c.objc; path = FilesHandlingViewController.m; sourceTree = "<group>"; };
		CE5F2B4018C92B6E00F9065B /* Images.xcassets */ = {isa = PBXFileReference; lastKnownFileType = folder.assetcatalog; path = Images.xcassets; sourceTree = "<group>"; };
		CE5F2B4618C92B6E00F9065B /* FilesHandlingTests.xctest */ = {isa = PBXFileReference; explicitFileType = wrapper.cfbundle; includeInIndex = 0; path = FilesHandlingTests.xctest; sourceTree = BUILT_PRODUCTS_DIR; };
		CE5F2B4718C92B6E00F9065B /* XCTest.framework */ = {isa = PBXFileReference; lastKnownFileType = wrapper.framework; name = XCTest.framework; path = Library/Frameworks/XCTest.framework; sourceTree = DEVELOPER_DIR; };
		CE5F2B4F18C92B6E00F9065B /* FilesHandlingTests-Info.plist */ = {isa = PBXFileReference; lastKnownFileType = text.plist.xml; path = "FilesHandlingTests-Info.plist"; sourceTree = "<group>"; };
		CE5F2B5118C92B6E00F9065B /* en */ = {isa = PBXFileReference; lastKnownFileType = text.plist.strings; name = en; path = en.lproj/InfoPlist.strings; sourceTree = "<group>"; };
		CE5F2B5318C92B6E00F9065B /* FilesHandlingTests.m */ = {isa = PBXFileReference; lastKnownFileType = sourcecode.c.objc; path = FilesHandlingTests.m; sourceTree = "<group>"; };
/* End PBXFileReference section */

/* Begin PBXFrameworksBuildPhase section */
		CE5F2B2218C92B6E00F9065B /* Frameworks */ = {
			isa = PBXFrameworksBuildPhase;
			buildActionMask = 2147483647;
			files = (
				CE5F2B2B18C92B6E00F9065B /* CoreGraphics.framework in Frameworks */,
				CE5F2B2D18C92B6E00F9065B /* UIKit.framework in Frameworks */,
				CE5F2B2918C92B6E00F9065B /* Foundation.framework in Frameworks */,
			);
			runOnlyForDeploymentPostprocessing = 0;
		};
		CE5F2B4318C92B6E00F9065B /* Frameworks */ = {
			isa = PBXFrameworksBuildPhase;
			buildActionMask = 2147483647;
			files = (
				CE5F2B4818C92B6E00F9065B /* XCTest.framework in Frameworks */,
				CE5F2B4A18C92B6E00F9065B /* UIKit.framework in Frameworks */,
				CE5F2B4918C92B6E00F9065B /* Foundation.framework in Frameworks */,
			);
			runOnlyForDeploymentPostprocessing = 0;
		};
/* End PBXFrameworksBuildPhase section */

/* Begin PBXGroup section */
		CE5F2B1C18C92B6E00F9065B = {
			isa = PBXGroup;
			children = (
				CE5F2B2E18C92B6E00F9065B /* FilesHandling */,
				CE5F2B4D18C92B6E00F9065B /* FilesHandlingTests */,
				CE5F2B2718C92B6E00F9065B /* Frameworks */,
				CE5F2B2618C92B6E00F9065B /* Products */,
			);
			sourceTree = "<group>";
		};
		CE5F2B2618C92B6E00F9065B /* Products */ = {
			isa = PBXGroup;
			children = (
				CE5F2B2518C92B6E00F9065B /* FilesHandling.app */,
				CE5F2B4618C92B6E00F9065B /* FilesHandlingTests.xctest */,
			);
			name = Products;
			sourceTree = "<group>";
		};
		CE5F2B2718C92B6E00F9065B /* Frameworks */ = {
			isa = PBXGroup;
			children = (
				CE5F2B2818C92B6E00F9065B /* Foundation.framework */,
				CE5F2B2A18C92B6E00F9065B /* CoreGraphics.framework */,
				CE5F2B2C18C92B6E00F9065B /* UIKit.framework */,
				CE5F2B4718C92B6E00F9065B /* XCTest.framework */,
			);
			name = Frameworks;
			sourceTree = "<group>";
		};
		CE5F2B2E18C92B6E00F9065B /* FilesHandling */ = {
			isa = PBXGroup;
			children = (
				CE5F2B3718C92B6E00F9065B /* FilesHandlingAppDelegate.h */,
				CE5F2B3818C92B6E00F9065B /* FilesHandlingAppDelegate.m */,
				CE5F2B3A18C92B6E00F9065B /* Main.storyboard */,
				CE5F2B3D18C92B6E00F9065B /* FilesHandlingViewController.h */,
				CE5F2B3E18C92B6E00F9065B /* FilesHandlingViewController.m */,
				CE5F2B4018C92B6E00F9065B /* Images.xcassets */,
				CE5F2B2F18C92B6E00F9065B /* Supporting Files */,
			);
			path = FilesHandling;
			sourceTree = "<group>";
		};
		CE5F2B2F18C92B6E00F9065B /* Supporting Files */ = {
			isa = PBXGroup;
			children = (
				CE5F2B3018C92B6E00F9065B /* FilesHandling-Info.plist */,
				CE5F2B3118C92B6E00F9065B /* InfoPlist.strings */,
				CE5F2B3418C92B6E00F9065B /* main.m */,
				CE5F2B3618C92B6E00F9065B /* FilesHandling-Prefix.pch */,
			);
			name = "Supporting Files";
			sourceTree = "<group>";
		};
		CE5F2B4D18C92B6E00F9065B /* FilesHandlingTests */ = {
			isa = PBXGroup;
			children = (
				CE5F2B5318C92B6E00F9065B /* FilesHandlingTests.m */,
				CE5F2B4E18C92B6E00F9065B /* Supporting Files */,
			);
			path = FilesHandlingTests;
			sourceTree = "<group>";
		};
		CE5F2B4E18C92B6E00F9065B /* Supporting Files */ = {
			isa = PBXGroup;
			children = (
				CE5F2B4F18C92B6E00F9065B /* FilesHandlingTests-Info.plist */,
				CE5F2B5018C92B6E00F9065B /* InfoPlist.strings */,
			);
			name = "Supporting Files";
			sourceTree = "<group>";
		};
/* End PBXGroup section */

/* Begin PBXNativeTarget section */
		CE5F2B2418C92B6E00F9065B /* FilesHandling */ = {
			isa = PBXNativeTarget;
			buildConfigurationList = CE5F2B5718C92B6F00F9065B /* Build configuration list for PBXNativeTarget "FilesHandling" */;
			buildPhases = (
				CE5F2B2118C92B6E00F9065B /* Sources */,
				CE5F2B2218C92B6E00F9065B /* Frameworks */,
				CE5F2B2318C92B6E00F9065B /* Resources */,
			);
			buildRules = (
			);
			dependencies = (
			);
			name = FilesHandling;
			productName = FilesHandling;
			productReference = CE5F2B2518C92B6E00F9065B /* FilesHandling.app */;
			productType = "com.apple.product-type.application";
		};
		CE5F2B4518C92B6E00F9065B /* FilesHandlingTests */ = {
			isa = PBXNativeTarget;
			buildConfigurationList = CE5F2B5A18C92B6F00F9065B /* Build configuration list for PBXNativeTarget "FilesHandlingTests" */;
			buildPhases = (
				CE5F2B4218C92B6E00F9065B /* Sources */,
				CE5F2B4318C92B6E00F9065B /* Frameworks */,
				CE5F2B4418C92B6E00F9065B /* Resources */,
			);
			buildRules = (
			);
			dependencies = (
				CE5F2B4C18C92B6E00F9065B /* PBXTargetDependency */,
			);
			name = FilesHandlingTests;
			productName = FilesHandlingTests;
			productReference = CE5F2B4618C92B6E00F9065B /* FilesHandlingTests.xctest */;
			productType = "com.apple.product-type.bundle.unit-test";
		};
/* End PBXNativeTarget section */

/* Begin PBXProject section */
		CE5F2B1D18C92B6E00F9065B /* Project object */ = {
			isa = PBXProject;
			attributes = {
				CLASSPREFIX = FilesHandling;
				LastUpgradeCheck = 0500;
				ORGANIZATIONNAME = FMCAdmin;
				TargetAttributes = {
					CE5F2B4518C92B6E00F9065B = {
						TestTargetID = CE5F2B2418C92B6E00F9065B;
					};
				};
			};
			buildConfigurationList = CE5F2B2018C92B6E00F9065B /* Build configuration list for PBXProject "FilesHandling" */;
			compatibilityVersion = "Xcode 3.2";
			developmentRegion = English;
			hasScannedForEncodings = 0;
			knownRegions = (
				en,
				Base,
			);
			mainGroup = CE5F2B1C18C92B6E00F9065B;
			productRefGroup = CE5F2B2618C92B6E00F9065B /* Products */;
			projectDirPath = "";
			projectRoot = "";
			targets = (
				CE5F2B2418C92B6E00F9065B /* FilesHandling */,
				CE5F2B4518C92B6E00F9065B /* FilesHandlingTests */,
			);
		};
/* End PBXProject section */

/* Begin PBXResourcesBuildPhase section */
		CE5F2B2318C92B6E00F9065B /* Resources */ = {
			isa = PBXResourcesBuildPhase;
			buildActionMask = 2147483647;
			files = (
				CE5F2B4118C92B6E00F9065B /* Images.xcassets in Resources */,
				CE5F2B3318C92B6E00F9065B /* InfoPlist.strings in Resources */,
				CE5F2B3C18C92B6E00F9065B /* Main.storyboard in Resources */,
			);
			runOnlyForDeploymentPostprocessing = 0;
		};
		CE5F2B4418C92B6E00F9065B /* Resources */ = {
			isa = PBXResourcesBuildPhase;
			buildActionMask = 2147483647;
			files = (
				CE5F2B5218C92B6E00F9065B /* InfoPlist.strings in Resources */,
			);
			runOnlyForDeploymentPostprocessing = 0;
		};
/* End PBXResourcesBuildPhase section */

/* Begin PBXSourcesBuildPhase section */
		CE5F2B2118C92B6E00F9065B /* Sources */ = {
			isa = PBXSourcesBuildPhase;
			buildActionMask = 2147483647;
			files = (
				CE5F2B3F18C92B6E00F9065B /* FilesHandlingViewController.m in Sources */,
				CE5F2B3518C92B6E00F9065B /* main.m in Sources */,
				CE5F2B3918C92B6E00F9065B /* FilesHandlingAppDelegate.m in Sources */,
			);
			runOnlyForDeploymentPostprocessing = 0;
		};
		CE5F2B4218C92B6E00F9065B /* Sources */ = {
			isa = PBXSourcesBuildPhase;
			buildActionMask = 2147483647;
			files = (
				CE5F2B5418C92B6E00F9065B /* FilesHandlingTests.m in Sources */,
			);
			runOnlyForDeploymentPostprocessing = 0;
		};
/* End PBXSourcesBuildPhase section */

/* Begin PBXTargetDependency section */
		CE5F2B4C18C92B6E00F9065B /* PBXTargetDependency */ = {
			isa = PBXTargetDependency;
			target = CE5F2B2418C92B6E00F9065B /* FilesHandling */;
			targetProxy = CE5F2B4B18C92B6E00F9065B /* PBXContainerItemProxy */;
		};
/* End PBXTargetDependency section */

/* Begin PBXVariantGroup section */
		CE5F2B3118C92B6E00F9065B /* InfoPlist.strings */ = {
			isa = PBXVariantGroup;
			children = (
				CE5F2B3218C92B6E00F9065B /* en */,
			);
			name = InfoPlist.strings;
			sourceTree = "<group>";
		};
		CE5F2B3A18C92B6E00F9065B /* Main.storyboard */ = {
			isa = PBXVariantGroup;
			children = (
				CE5F2B3B18C92B6E00F9065B /* Base */,
			);
			name = Main.storyboard;
			sourceTree = "<group>";
		};
		CE5F2B5018C92B6E00F9065B /* InfoPlist.strings */ = {
			isa = PBXVariantGroup;
			children = (
				CE5F2B5118C92B6E00F9065B /* en */,
			);
			name = InfoPlist.strings;
			sourceTree = "<group>";
		};
/* End PBXVariantGroup section */

/* Begin XCBuildConfiguration section */
		CE5F2B5518C92B6E00F9065B /* Debug */ = {
			isa = XCBuildConfiguration;
			buildSettings = {
				ALWAYS_SEARCH_USER_PATHS = NO;
				ARCHS = "$(ARCHS_STANDARD_INCLUDING_64_BIT)";
				CLANG_CXX_LANGUAGE_STANDARD = "gnu++0x";
				CLANG_CXX_LIBRARY = "libc++";
				CLANG_ENABLE_MODULES = YES;
				CLANG_ENABLE_OBJC_ARC = YES;
				CLANG_WARN_BOOL_CONVERSION = YES;
				CLANG_WARN_CONSTANT_CONVERSION = YES;
				CLANG_WARN_DIRECT_OBJC_ISA_USAGE = YES_ERROR;
				CLANG_WARN_EMPTY_BODY = YES;
				CLANG_WARN_ENUM_CONVERSION = YES;
				CLANG_WARN_INT_CONVERSION = YES;
				CLANG_WARN_OBJC_ROOT_CLASS = YES_ERROR;
				CLANG_WARN__DUPLICATE_METHOD_MATCH = YES;
				"CODE_SIGN_IDENTITY[sdk=iphoneos*]" = "iPhone Developer";
				COPY_PHASE_STRIP = NO;
				GCC_C_LANGUAGE_STANDARD = gnu99;
				GCC_DYNAMIC_NO_PIC = NO;
				GCC_OPTIMIZATION_LEVEL = 0;
				GCC_PREPROCESSOR_DEFINITIONS = (
					"DEBUG=1",
					"$(inherited)",
				);
				GCC_SYMBOLS_PRIVATE_EXTERN = NO;
				GCC_WARN_64_TO_32_BIT_CONVERSION = YES;
				GCC_WARN_ABOUT_RETURN_TYPE = YES_ERROR;
				GCC_WARN_UNDECLARED_SELECTOR = YES;
				GCC_WARN_UNINITIALIZED_AUTOS = YES;
				GCC_WARN_UNUSED_FUNCTION = YES;
				GCC_WARN_UNUSED_VARIABLE = YES;
				IPHONEOS_DEPLOYMENT_TARGET = 7.0;
				ONLY_ACTIVE_ARCH = YES;
				SDKROOT = iphoneos;
			};
			name = Debug;
		};
		CE5F2B5618C92B6E00F9065B /* Release */ = {
			isa = XCBuildConfiguration;
			buildSettings = {
				ALWAYS_SEARCH_USER_PATHS = NO;
				ARCHS = "$(ARCHS_STANDARD_INCLUDING_64_BIT)";
				CLANG_CXX_LANGUAGE_STANDARD = "gnu++0x";
				CLANG_CXX_LIBRARY = "libc++";
				CLANG_ENABLE_MODULES = YES;
				CLANG_ENABLE_OBJC_ARC = YES;
				CLANG_WARN_BOOL_CONVERSION = YES;
				CLANG_WARN_CONSTANT_CONVERSION = YES;
				CLANG_WARN_DIRECT_OBJC_ISA_USAGE = YES_ERROR;
				CLANG_WARN_EMPTY_BODY = YES;
				CLANG_WARN_ENUM_CONVERSION = YES;
				CLANG_WARN_INT_CONVERSION = YES;
				CLANG_WARN_OBJC_ROOT_CLASS = YES_ERROR;
				CLANG_WARN__DUPLICATE_METHOD_MATCH = YES;
				"CODE_SIGN_IDENTITY[sdk=iphoneos*]" = "iPhone Developer";
				COPY_PHASE_STRIP = YES;
				ENABLE_NS_ASSERTIONS = NO;
				GCC_C_LANGUAGE_STANDARD = gnu99;
				GCC_WARN_64_TO_32_BIT_CONVERSION = YES;
				GCC_WARN_ABOUT_RETURN_TYPE = YES_ERROR;
				GCC_WARN_UNDECLARED_SELECTOR = YES;
				GCC_WARN_UNINITIALIZED_AUTOS = YES;
				GCC_WARN_UNUSED_FUNCTION = YES;
				GCC_WARN_UNUSED_VARIABLE = YES;
				IPHONEOS_DEPLOYMENT_TARGET = 7.0;
				SDKROOT = iphoneos;
				VALIDATE_PRODUCT = YES;
			};
			name = Release;
		};
		CE5F2B5818C92B6F00F9065B /* Debug */ = {
			isa = XCBuildConfiguration;
			buildSettings = {
				ASSETCATALOG_COMPILER_APPICON_NAME = AppIcon;
				ASSETCATALOG_COMPILER_LAUNCHIMAGE_NAME = LaunchImage;
				GCC_PRECOMPILE_PREFIX_HEADER = YES;
				GCC_PREFIX_HEADER = "FilesHandling/FilesHandling-Prefix.pch";
				INFOPLIST_FILE = "FilesHandling/FilesHandling-Info.plist";
				PRODUCT_NAME = "$(TARGET_NAME)";
				WRAPPER_EXTENSION = app;
			};
			name = Debug;
		};
		CE5F2B5918C92B6F00F9065B /* Release */ = {
			isa = XCBuildConfiguration;
			buildSettings = {
				ASSETCATALOG_COMPILER_APPICON_NAME = AppIcon;
				ASSETCATALOG_COMPILER_LAUNCHIMAGE_NAME = LaunchImage;
				GCC_PRECOMPILE_PREFIX_HEADER = YES;
				GCC_PREFIX_HEADER = "FilesHandling/FilesHandling-Prefix.pch";
				INFOPLIST_FILE = "FilesHandling/FilesHandling-Info.plist";
				PRODUCT_NAME = "$(TARGET_NAME)";
				WRAPPER_EXTENSION = app;
			};
			name = Release;
		};
		CE5F2B5B18C92B6F00F9065B /* Debug */ = {
			isa = XCBuildConfiguration;
			buildSettings = {
				ARCHS = "$(ARCHS_STANDARD_INCLUDING_64_BIT)";
				BUNDLE_LOADER = "$(BUILT_PRODUCTS_DIR)/FilesHandling.app/FilesHandling";
				FRAMEWORK_SEARCH_PATHS = (
					"$(SDKROOT)/Developer/Library/Frameworks",
					"$(inherited)",
					"$(DEVELOPER_FRAMEWORKS_DIR)",
				);
				GCC_PRECOMPILE_PREFIX_HEADER = YES;
				GCC_PREFIX_HEADER = "FilesHandling/FilesHandling-Prefix.pch";
				GCC_PREPROCESSOR_DEFINITIONS = (
					"DEBUG=1",
					"$(inherited)",
				);
				INFOPLIST_FILE = "FilesHandlingTests/FilesHandlingTests-Info.plist";
				PRODUCT_NAME = "$(TARGET_NAME)";
				TEST_HOST = "$(BUNDLE_LOADER)";
				WRAPPER_EXTENSION = xctest;
			};
			name = Debug;
		};
		CE5F2B5C18C92B6F00F9065B /* Release */ = {
			isa = XCBuildConfiguration;
			buildSettings = {
				ARCHS = "$(ARCHS_STANDARD_INCLUDING_64_BIT)";
				BUNDLE_LOADER = "$(BUILT_PRODUCTS_DIR)/FilesHandling.app/FilesHandling";
				FRAMEWORK_SEARCH_PATHS = (
					"$(SDKROOT)/Developer/Library/Frameworks",
					"$(inherited)",
					"$(DEVELOPER_FRAMEWORKS_DIR)",
				);
				GCC_PRECOMPILE_PREFIX_HEADER = YES;
				GCC_PREFIX_HEADER = "FilesHandling/FilesHandling-Prefix.pch";
				INFOPLIST_FILE = "FilesHandlingTests/FilesHandlingTests-Info.plist";
				PRODUCT_NAME = "$(TARGET_NAME)";
				TEST_HOST = "$(BUNDLE_LOADER)";
				WRAPPER_EXTENSION = xctest;
			};
			name = Release;
		};
/* End XCBuildConfiguration section */

/* Begin XCConfigurationList section */
		CE5F2B2018C92B6E00F9065B /* Build configuration list for PBXProject "FilesHandling" */ = {
			isa = XCConfigurationList;
			buildConfigurations = (
				CE5F2B5518C92B6E00F9065B /* Debug */,
				CE5F2B5618C92B6E00F9065B /* Release */,
			);
			defaultConfigurationIsVisible = 0;
			defaultConfigurationName = Release;
		};
		CE5F2B5718C92B6F00F9065B /* Build configuration list for PBXNativeTarget "FilesHandling" */ = {
			isa = XCConfigurationList;
			buildConfigurations = (
				CE5F2B5818C92B6F00F9065B /* Debug */,
				CE5F2B5918C92B6F00F9065B /* Release */,
			);
			defaultConfigurationIsVisible = 0;
		};
		CE5F2B5A18C92B6F00F9065B /* Build configuration list for PBXNativeTarget "FilesHandlingTests" */ = {
			isa = XCConfigurationList;
			buildConfigurations = (
				CE5F2B5B18C92B6F00F9065B /* Debug */,
				CE5F2B5C18C92B6F00F9065B /* Release */,
			);
			defaultConfigurationIsVisible = 0;
		};
/* End XCConfigurationList section */
	};
	rootObject = CE5F2B1D18C92B6E00F9065B /* Project object */;
}
